// !$*UTF8*$!
{
	archiveVersion = 1;
	classes = {
	};
	objectVersion = 48;
	objects = {

/* Begin PBXBuildFile section */
		479C0FDE200330910079BA82 /* TimerTableViewCell.swift in Sources */ = {isa = PBXBuildFile; fileRef = 479C0FDD200330910079BA82 /* TimerTableViewCell.swift */; };
		47D43E512000E80C000E8E5F /* AppDelegate.swift in Sources */ = {isa = PBXBuildFile; fileRef = 47D43E502000E80C000E8E5F /* AppDelegate.swift */; };
		47D43E532000E80C000E8E5F /* ViewController.swift in Sources */ = {isa = PBXBuildFile; fileRef = 47D43E522000E80C000E8E5F /* ViewController.swift */; };
		47D43E562000E80C000E8E5F /* Main.storyboard in Resources */ = {isa = PBXBuildFile; fileRef = 47D43E542000E80C000E8E5F /* Main.storyboard */; };
		47D43E582000E80C000E8E5F /* Assets.xcassets in Resources */ = {isa = PBXBuildFile; fileRef = 47D43E572000E80C000E8E5F /* Assets.xcassets */; };
		47D43E5B2000E80C000E8E5F /* LaunchScreen.storyboard in Resources */ = {isa = PBXBuildFile; fileRef = 47D43E592000E80C000E8E5F /* LaunchScreen.storyboard */; };
		47D43E662000E80C000E8E5F /* Day1_StopWatch_Tests.swift in Sources */ = {isa = PBXBuildFile; fileRef = 47D43E652000E80C000E8E5F /* Day1_StopWatch_Tests.swift */; };
		47D43E712000E80D000E8E5F /* Day1_StopWatch_UITests.swift in Sources */ = {isa = PBXBuildFile; fileRef = 47D43E702000E80D000E8E5F /* Day1_StopWatch_UITests.swift */; };
/* End PBXBuildFile section */

/* Begin PBXContainerItemProxy section */
		47D43E622000E80C000E8E5F /* PBXContainerItemProxy */ = {
			isa = PBXContainerItemProxy;
			containerPortal = 47D43E452000E80C000E8E5F /* Project object */;
			proxyType = 1;
			remoteGlobalIDString = 47D43E4C2000E80C000E8E5F;
			remoteInfo = "Day1(StopWatch)";
		};
		47D43E6D2000E80D000E8E5F /* PBXContainerItemProxy */ = {
			isa = PBXContainerItemProxy;
			containerPortal = 47D43E452000E80C000E8E5F /* Project object */;
			proxyType = 1;
			remoteGlobalIDString = 47D43E4C2000E80C000E8E5F;
			remoteInfo = "Day1(StopWatch)";
		};
/* End PBXContainerItemProxy section */

/* Begin PBXFileReference section */
		479C0FDD200330910079BA82 /* TimerTableViewCell.swift */ = {isa = PBXFileReference; lastKnownFileType = sourcecode.swift; path = TimerTableViewCell.swift; sourceTree = "<group>"; };
		47D43E4D2000E80C000E8E5F /* Day1(StopWatch).app */ = {isa = PBXFileReference; explicitFileType = wrapper.application; includeInIndex = 0; path = "Day1(StopWatch).app"; sourceTree = BUILT_PRODUCTS_DIR; };
		47D43E502000E80C000E8E5F /* AppDelegate.swift */ = {isa = PBXFileReference; lastKnownFileType = sourcecode.swift; path = AppDelegate.swift; sourceTree = "<group>"; };
		47D43E522000E80C000E8E5F /* ViewController.swift */ = {isa = PBXFileReference; lastKnownFileType = sourcecode.swift; path = ViewController.swift; sourceTree = "<group>"; };
		47D43E552000E80C000E8E5F /* Base */ = {isa = PBXFileReference; lastKnownFileType = file.storyboard; name = Base; path = Base.lproj/Main.storyboard; sourceTree = "<group>"; };
		47D43E572000E80C000E8E5F /* Assets.xcassets */ = {isa = PBXFileReference; lastKnownFileType = folder.assetcatalog; path = Assets.xcassets; sourceTree = "<group>"; };
		47D43E5A2000E80C000E8E5F /* Base */ = {isa = PBXFileReference; lastKnownFileType = file.storyboard; name = Base; path = Base.lproj/LaunchScreen.storyboard; sourceTree = "<group>"; };
		47D43E5C2000E80C000E8E5F /* Info.plist */ = {isa = PBXFileReference; lastKnownFileType = text.plist.xml; path = Info.plist; sourceTree = "<group>"; };
		47D43E612000E80C000E8E5F /* Day1(StopWatch)Tests.xctest */ = {isa = PBXFileReference; explicitFileType = wrapper.cfbundle; includeInIndex = 0; path = "Day1(StopWatch)Tests.xctest"; sourceTree = BUILT_PRODUCTS_DIR; };
		47D43E652000E80C000E8E5F /* Day1_StopWatch_Tests.swift */ = {isa = PBXFileReference; lastKnownFileType = sourcecode.swift; path = Day1_StopWatch_Tests.swift; sourceTree = "<group>"; };
		47D43E672000E80D000E8E5F /* Info.plist */ = {isa = PBXFileReference; lastKnownFileType = text.plist.xml; path = Info.plist; sourceTree = "<group>"; };
		47D43E6C2000E80D000E8E5F /* Day1(StopWatch)UITests.xctest */ = {isa = PBXFileReference; explicitFileType = wrapper.cfbundle; includeInIndex = 0; path = "Day1(StopWatch)UITests.xctest"; sourceTree = BUILT_PRODUCTS_DIR; };
		47D43E702000E80D000E8E5F /* Day1_StopWatch_UITests.swift */ = {isa = PBXFileReference; lastKnownFileType = sourcecode.swift; path = Day1_StopWatch_UITests.swift; sourceTree = "<group>"; };
		47D43E722000E80D000E8E5F /* Info.plist */ = {isa = PBXFileReference; lastKnownFileType = text.plist.xml; path = Info.plist; sourceTree = "<group>"; };
/* End PBXFileReference section */

/* Begin PBXFrameworksBuildPhase section */
		47D43E4A2000E80C000E8E5F /* Frameworks */ = {
			isa = PBXFrameworksBuildPhase;
			buildActionMask = 2147483647;
			files = (
			);
			runOnlyForDeploymentPostprocessing = 0;
		};
		47D43E5E2000E80C000E8E5F /* Frameworks */ = {
			isa = PBXFrameworksBuildPhase;
			buildActionMask = 2147483647;
			files = (
			);
			runOnlyForDeploymentPostprocessing = 0;
		};
		47D43E692000E80D000E8E5F /* Frameworks */ = {
			isa = PBXFrameworksBuildPhase;
			buildActionMask = 2147483647;
			files = (
			);
			runOnlyForDeploymentPostprocessing = 0;
		};
/* End PBXFrameworksBuildPhase section */

/* Begin PBXGroup section */
		47D43E442000E80C000E8E5F = {
			isa = PBXGroup;
			children = (
				47D43E4F2000E80C000E8E5F /* Day1(StopWatch) */,
				47D43E642000E80C000E8E5F /* Day1(StopWatch)Tests */,
				47D43E6F2000E80D000E8E5F /* Day1(StopWatch)UITests */,
				47D43E4E2000E80C000E8E5F /* Products */,
			);
			sourceTree = "<group>";
		};
		47D43E4E2000E80C000E8E5F /* Products */ = {
			isa = PBXGroup;
			children = (
				47D43E4D2000E80C000E8E5F /* Day1(StopWatch).app */,
				47D43E612000E80C000E8E5F /* Day1(StopWatch)Tests.xctest */,
				47D43E6C2000E80D000E8E5F /* Day1(StopWatch)UITests.xctest */,
			);
			name = Products;
			sourceTree = "<group>";
		};
		47D43E4F2000E80C000E8E5F /* Day1(StopWatch) */ = {
			isa = PBXGroup;
			children = (
				47D43E502000E80C000E8E5F /* AppDelegate.swift */,
				47D43E522000E80C000E8E5F /* ViewController.swift */,
				47D43E542000E80C000E8E5F /* Main.storyboard */,
				47D43E572000E80C000E8E5F /* Assets.xcassets */,
				47D43E592000E80C000E8E5F /* LaunchScreen.storyboard */,
				47D43E5C2000E80C000E8E5F /* Info.plist */,
				479C0FDD200330910079BA82 /* TimerTableViewCell.swift */,
			);
			path = "Day1(StopWatch)";
			sourceTree = "<group>";
		};
		47D43E642000E80C000E8E5F /* Day1(StopWatch)Tests */ = {
			isa = PBXGroup;
			children = (
				47D43E652000E80C000E8E5F /* Day1_StopWatch_Tests.swift */,
				47D43E672000E80D000E8E5F /* Info.plist */,
			);
			path = "Day1(StopWatch)Tests";
			sourceTree = "<group>";
		};
		47D43E6F2000E80D000E8E5F /* Day1(StopWatch)UITests */ = {
			isa = PBXGroup;
			children = (
				47D43E702000E80D000E8E5F /* Day1_StopWatch_UITests.swift */,
				47D43E722000E80D000E8E5F /* Info.plist */,
			);
			path = "Day1(StopWatch)UITests";
			sourceTree = "<group>";
		};
/* End PBXGroup section */

/* Begin PBXNativeTarget section */
		47D43E4C2000E80C000E8E5F /* Day1(StopWatch) */ = {
			isa = PBXNativeTarget;
			buildConfigurationList = 47D43E752000E80D000E8E5F /* Build configuration list for PBXNativeTarget "Day1(StopWatch)" */;
			buildPhases = (
				47D43E492000E80C000E8E5F /* Sources */,
				47D43E4A2000E80C000E8E5F /* Frameworks */,
				47D43E4B2000E80C000E8E5F /* Resources */,
			);
			buildRules = (
			);
			dependencies = (
			);
			name = "Day1(StopWatch)";
			productName = "Day1(StopWatch)";
			productReference = 47D43E4D2000E80C000E8E5F /* Day1(StopWatch).app */;
			productType = "com.apple.product-type.application";
		};
		47D43E602000E80C000E8E5F /* Day1(StopWatch)Tests */ = {
			isa = PBXNativeTarget;
			buildConfigurationList = 47D43E782000E80D000E8E5F /* Build configuration list for PBXNativeTarget "Day1(StopWatch)Tests" */;
			buildPhases = (
				47D43E5D2000E80C000E8E5F /* Sources */,
				47D43E5E2000E80C000E8E5F /* Frameworks */,
				47D43E5F2000E80C000E8E5F /* Resources */,
			);
			buildRules = (
			);
			dependencies = (
				47D43E632000E80C000E8E5F /* PBXTargetDependency */,
			);
			name = "Day1(StopWatch)Tests";
			productName = "Day1(StopWatch)Tests";
			productReference = 47D43E612000E80C000E8E5F /* Day1(StopWatch)Tests.xctest */;
			productType = "com.apple.product-type.bundle.unit-test";
		};
		47D43E6B2000E80D000E8E5F /* Day1(StopWatch)UITests */ = {
			isa = PBXNativeTarget;
			buildConfigurationList = 47D43E7B2000E80D000E8E5F /* Build configuration list for PBXNativeTarget "Day1(StopWatch)UITests" */;
			buildPhases = (
				47D43E682000E80D000E8E5F /* Sources */,
				47D43E692000E80D000E8E5F /* Frameworks */,
				47D43E6A2000E80D000E8E5F /* Resources */,
			);
			buildRules = (
			);
			dependencies = (
				47D43E6E2000E80D000E8E5F /* PBXTargetDependency */,
			);
			name = "Day1(StopWatch)UITests";
			productName = "Day1(StopWatch)UITests";
			productReference = 47D43E6C2000E80D000E8E5F /* Day1(StopWatch)UITests.xctest */;
			productType = "com.apple.product-type.bundle.ui-testing";
		};
/* End PBXNativeTarget section */

/* Begin PBXProject section */
		47D43E452000E80C000E8E5F /* Project object */ = {
			isa = PBXProject;
			attributes = {
				LastSwiftUpdateCheck = 0910;
				LastUpgradeCheck = 0910;
				ORGANIZATIONNAME = Sonali;
				TargetAttributes = {
					47D43E4C2000E80C000E8E5F = {
						CreatedOnToolsVersion = 9.1;
						ProvisioningStyle = Automatic;
					};
					47D43E602000E80C000E8E5F = {
						CreatedOnToolsVersion = 9.1;
						ProvisioningStyle = Automatic;
						TestTargetID = 47D43E4C2000E80C000E8E5F;
					};
					47D43E6B2000E80D000E8E5F = {
						CreatedOnToolsVersion = 9.1;
						ProvisioningStyle = Automatic;
						TestTargetID = 47D43E4C2000E80C000E8E5F;
					};
				};
			};
			buildConfigurationList = 47D43E482000E80C000E8E5F /* Build configuration list for PBXProject "Day1(StopWatch)" */;
			compatibilityVersion = "Xcode 8.0";
			developmentRegion = en;
			hasScannedForEncodings = 0;
			knownRegions = (
				en,
				Base,
			);
			mainGroup = 47D43E442000E80C000E8E5F;
			productRefGroup = 47D43E4E2000E80C000E8E5F /* Products */;
			projectDirPath = "";
			projectRoot = "";
			targets = (
				47D43E4C2000E80C000E8E5F /* Day1(StopWatch) */,
				47D43E602000E80C000E8E5F /* Day1(StopWatch)Tests */,
				47D43E6B2000E80D000E8E5F /* Day1(StopWatch)UITests */,
			);
		};
/* End PBXProject section */

/* Begin PBXResourcesBuildPhase section */
		47D43E4B2000E80C000E8E5F /* Resources */ = {
			isa = PBXResourcesBuildPhase;
			buildActionMask = 2147483647;
			files = (
				47D43E5B2000E80C000E8E5F /* LaunchScreen.storyboard in Resources */,
				47D43E582000E80C000E8E5F /* Assets.xcassets in Resources */,
				47D43E562000E80C000E8E5F /* Main.storyboard in Resources */,
			);
			runOnlyForDeploymentPostprocessing = 0;
		};
		47D43E5F2000E80C000E8E5F /* Resources */ = {
			isa = PBXResourcesBuildPhase;
			buildActionMask = 2147483647;
			files = (
			);
			runOnlyForDeploymentPostprocessing = 0;
		};
		47D43E6A2000E80D000E8E5F /* Resources */ = {
			isa = PBXResourcesBuildPhase;
			buildActionMask = 2147483647;
			files = (
			);
			runOnlyForDeploymentPostprocessing = 0;
		};
/* End PBXResourcesBuildPhase section */

/* Begin PBXSourcesBuildPhase section */
		47D43E492000E80C000E8E5F /* Sources */ = {
			isa = PBXSourcesBuildPhase;
			buildActionMask = 2147483647;
			files = (
				47D43E532000E80C000E8E5F /* ViewController.swift in Sources */,
				47D43E512000E80C000E8E5F /* AppDelegate.swift in Sources */,
				479C0FDE200330910079BA82 /* TimerTableViewCell.swift in Sources */,
			);
			runOnlyForDeploymentPostprocessing = 0;
		};
		47D43E5D2000E80C000E8E5F /* Sources */ = {
			isa = PBXSourcesBuildPhase;
			buildActionMask = 2147483647;
			files = (
				47D43E662000E80C000E8E5F /* Day1_StopWatch_Tests.swift in Sources */,
			);
			runOnlyForDeploymentPostprocessing = 0;
		};
		47D43E682000E80D000E8E5F /* Sources */ = {
			isa = PBXSourcesBuildPhase;
			buildActionMask = 2147483647;
			files = (
				47D43E712000E80D000E8E5F /* Day1_StopWatch_UITests.swift in Sources */,
			);
			runOnlyForDeploymentPostprocessing = 0;
		};
/* End PBXSourcesBuildPhase section */

/* Begin PBXTargetDependency section */
		47D43E632000E80C000E8E5F /* PBXTargetDependency */ = {
			isa = PBXTargetDependency;
			target = 47D43E4C2000E80C000E8E5F /* Day1(StopWatch) */;
			targetProxy = 47D43E622000E80C000E8E5F /* PBXContainerItemProxy */;
		};
		47D43E6E2000E80D000E8E5F /* PBXTargetDependency */ = {
			isa = PBXTargetDependency;
			target = 47D43E4C2000E80C000E8E5F /* Day1(StopWatch) */;
			targetProxy = 47D43E6D2000E80D000E8E5F /* PBXContainerItemProxy */;
		};
/* End PBXTargetDependency section */

/* Begin PBXVariantGroup section */
		47D43E542000E80C000E8E5F /* Main.storyboard */ = {
			isa = PBXVariantGroup;
			children = (
				47D43E552000E80C000E8E5F /* Base */,
			);
			name = Main.storyboard;
			sourceTree = "<group>";
		};
		47D43E592000E80C000E8E5F /* LaunchScreen.storyboard */ = {
			isa = PBXVariantGroup;
			children = (
				47D43E5A2000E80C000E8E5F /* Base */,
			);
			name = LaunchScreen.storyboard;
			sourceTree = "<group>";
		};
/* End PBXVariantGroup section */

/* Begin XCBuildConfiguration section */
		47D43E732000E80D000E8E5F /* Debug */ = {
			isa = XCBuildConfiguration;
			buildSettings = {
				ALWAYS_SEARCH_USER_PATHS = NO;
				CLANG_ANALYZER_NONNULL = YES;
				CLANG_ANALYZER_NUMBER_OBJECT_CONVERSION = YES_AGGRESSIVE;
				CLANG_CXX_LANGUAGE_STANDARD = "gnu++14";
				CLANG_CXX_LIBRARY = "libc++";
				CLANG_ENABLE_MODULES = YES;
				CLANG_ENABLE_OBJC_ARC = YES;
				CLANG_WARN_BLOCK_CAPTURE_AUTORELEASING = YES;
				CLANG_WARN_BOOL_CONVERSION = YES;
				CLANG_WARN_COMMA = YES;
				CLANG_WARN_CONSTANT_CONVERSION = YES;
				CLANG_WARN_DIRECT_OBJC_ISA_USAGE = YES_ERROR;
				CLANG_WARN_DOCUMENTATION_COMMENTS = YES;
				CLANG_WARN_EMPTY_BODY = YES;
				CLANG_WARN_ENUM_CONVERSION = YES;
				CLANG_WARN_INFINITE_RECURSION = YES;
				CLANG_WARN_INT_CONVERSION = YES;
				CLANG_WARN_NON_LITERAL_NULL_CONVERSION = YES;
				CLANG_WARN_OBJC_LITERAL_CONVERSION = YES;
				CLANG_WARN_OBJC_ROOT_CLASS = YES_ERROR;
				CLANG_WARN_RANGE_LOOP_ANALYSIS = YES;
				CLANG_WARN_STRICT_PROTOTYPES = YES;
				CLANG_WARN_SUSPICIOUS_MOVE = YES;
				CLANG_WARN_UNGUARDED_AVAILABILITY = YES_AGGRESSIVE;
				CLANG_WARN_UNREACHABLE_CODE = YES;
				CLANG_WARN__DUPLICATE_METHOD_MATCH = YES;
				CODE_SIGN_IDENTITY = "iPhone Developer";
				COPY_PHASE_STRIP = NO;
				DEBUG_INFORMATION_FORMAT = dwarf;
				ENABLE_STRICT_OBJC_MSGSEND = YES;
				ENABLE_TESTABILITY = YES;
				GCC_C_LANGUAGE_STANDARD = gnu11;
				GCC_DYNAMIC_NO_PIC = NO;
				GCC_NO_COMMON_BLOCKS = YES;
				GCC_OPTIMIZATION_LEVEL = 0;
				GCC_PREPROCESSOR_DEFINITIONS = (
					"DEBUG=1",
					"$(inherited)",
				);
				GCC_WARN_64_TO_32_BIT_CONVERSION = YES;
				GCC_WARN_ABOUT_RETURN_TYPE = YES_ERROR;
				GCC_WARN_UNDECLARED_SELECTOR = YES;
				GCC_WARN_UNINITIALIZED_AUTOS = YES_AGGRESSIVE;
				GCC_WARN_UNUSED_FUNCTION = YES;
				GCC_WARN_UNUSED_VARIABLE = YES;
				IPHONEOS_DEPLOYMENT_TARGET = 11.1;
				MTL_ENABLE_DEBUG_INFO = YES;
				ONLY_ACTIVE_ARCH = YES;
				SDKROOT = iphoneos;
				SWIFT_ACTIVE_COMPILATION_CONDITIONS = DEBUG;
				SWIFT_OPTIMIZATION_LEVEL = "-Onone";
			};
			name = Debug;
		};
		47D43E742000E80D000E8E5F /* Release */ = {
			isa = XCBuildConfiguration;
			buildSettings = {
				ALWAYS_SEARCH_USER_PATHS = NO;
				CLANG_ANALYZER_NONNULL = YES;
				CLANG_ANALYZER_NUMBER_OBJECT_CONVERSION = YES_AGGRESSIVE;
				CLANG_CXX_LANGUAGE_STANDARD = "gnu++14";
				CLANG_CXX_LIBRARY = "libc++";
				CLANG_ENABLE_MODULES = YES;
				CLANG_ENABLE_OBJC_ARC = YES;
				CLANG_WARN_BLOCK_CAPTURE_AUTORELEASING = YES;
				CLANG_WARN_BOOL_CONVERSION = YES;
				CLANG_WARN_COMMA = YES;
				CLANG_WARN_CONSTANT_CONVERSION = YES;
				CLANG_WARN_DIRECT_OBJC_ISA_USAGE = YES_ERROR;
				CLANG_WARN_DOCUMENTATION_COMMENTS = YES;
				CLANG_WARN_EMPTY_BODY = YES;
				CLANG_WARN_ENUM_CONVERSION = YES;
				CLANG_WARN_INFINITE_RECURSION = YES;
				CLANG_WARN_INT_CONVERSION = YES;
				CLANG_WARN_NON_LITERAL_NULL_CONVERSION = YES;
				CLANG_WARN_OBJC_LITERAL_CONVERSION = YES;
				CLANG_WARN_OBJC_ROOT_CLASS = YES_ERROR;
				CLANG_WARN_RANGE_LOOP_ANALYSIS = YES;
				CLANG_WARN_STRICT_PROTOTYPES = YES;
				CLANG_WARN_SUSPICIOUS_MOVE = YES;
				CLANG_WARN_UNGUARDED_AVAILABILITY = YES_AGGRESSIVE;
				CLANG_WARN_UNREACHABLE_CODE = YES;
				CLANG_WARN__DUPLICATE_METHOD_MATCH = YES;
				CODE_SIGN_IDENTITY = "iPhone Developer";
				COPY_PHASE_STRIP = NO;
				DEBUG_INFORMATION_FORMAT = "dwarf-with-dsym";
				ENABLE_NS_ASSERTIONS = NO;
				ENABLE_STRICT_OBJC_MSGSEND = YES;
				GCC_C_LANGUAGE_STANDARD = gnu11;
				GCC_NO_COMMON_BLOCKS = YES;
				GCC_WARN_64_TO_32_BIT_CONVERSION = YES;
				GCC_WARN_ABOUT_RETURN_TYPE = YES_ERROR;
				GCC_WARN_UNDECLARED_SELECTOR = YES;
				GCC_WARN_UNINITIALIZED_AUTOS = YES_AGGRESSIVE;
				GCC_WARN_UNUSED_FUNCTION = YES;
				GCC_WARN_UNUSED_VARIABLE = YES;
				IPHONEOS_DEPLOYMENT_TARGET = 11.1;
				MTL_ENABLE_DEBUG_INFO = NO;
				SDKROOT = iphoneos;
				SWIFT_OPTIMIZATION_LEVEL = "-Owholemodule";
				VALIDATE_PRODUCT = YES;
			};
			name = Release;
		};
		47D43E762000E80D000E8E5F /* Debug */ = {
			isa = XCBuildConfiguration;
			buildSettings = {
				ASSETCATALOG_COMPILER_APPICON_NAME = AppIcon;
				CODE_SIGN_STYLE = Automatic;
				DEVELOPMENT_TEAM = WA2B6HK38M;
				INFOPLIST_FILE = "Day1(StopWatch)/Info.plist";
				IPHONEOS_DEPLOYMENT_TARGET = 9.3;
				LD_RUNPATH_SEARCH_PATHS = "$(inherited) @executable_path/Frameworks";
				PRODUCT_BUNDLE_IDENTIFIER = "com.leftrightmind.StopWatch.Day1-StopWatch-";
				PRODUCT_NAME = "$(TARGET_NAME)";
				SWIFT_VERSION = 4.0;
				TARGETED_DEVICE_FAMILY = "1,2";
			};
			name = Debug;
		};
		47D43E772000E80D000E8E5F /* Release */ = {
			isa = XCBuildConfiguration;
			buildSettings = {
				ASSETCATALOG_COMPILER_APPICON_NAME = AppIcon;
				CODE_SIGN_STYLE = Automatic;
				DEVELOPMENT_TEAM = WA2B6HK38M;
				INFOPLIST_FILE = "Day1(StopWatch)/Info.plist";
				IPHONEOS_DEPLOYMENT_TARGET = 9.3;
				LD_RUNPATH_SEARCH_PATHS = "$(inherited) @executable_path/Frameworks";
				PRODUCT_BUNDLE_IDENTIFIER = "com.leftrightmind.StopWatch.Day1-StopWatch-";
				PRODUCT_NAME = "$(TARGET_NAME)";
				SWIFT_VERSION = 4.0;
				TARGETED_DEVICE_FAMILY = "1,2";
			};
			name = Release;
		};
		47D43E792000E80D000E8E5F /* Debug */ = {
			isa = XCBuildConfiguration;
			buildSettings = {
				ALWAYS_EMBED_SWIFT_STANDARD_LIBRARIES = YES;
				BUNDLE_LOADER = "$(TEST_HOST)";
				CODE_SIGN_STYLE = Automatic;
				DEVELOPMENT_TEAM = WA2B6HK38M;
				INFOPLIST_FILE = "Day1(StopWatch)Tests/Info.plist";
				LD_RUNPATH_SEARCH_PATHS = "$(inherited) @executable_path/Frameworks @loader_path/Frameworks";
				PRODUCT_BUNDLE_IDENTIFIER = "com.leftrightmind.StopWatch.Day1-StopWatch-Tests";
				PRODUCT_NAME = "$(TARGET_NAME)";
				SWIFT_VERSION = 4.0;
				TARGETED_DEVICE_FAMILY = "1,2";
				TEST_HOST = "$(BUILT_PRODUCTS_DIR)/Day1(StopWatch).app/Day1(StopWatch)";
			};
			name = Debug;
		};
		47D43E7A2000E80D000E8E5F /* Release */ = {
			isa = XCBuildConfiguration;
			buildSettings = {
				ALWAYS_EMBED_SWIFT_STANDARD_LIBRARIES = YES;
				BUNDLE_LOADER = "$(TEST_HOST)";
				CODE_SIGN_STYLE = Automatic;
				DEVELOPMENT_TEAM = WA2B6HK38M;
				INFOPLIST_FILE = "Day1(StopWatch)Tests/Info.plist";
				LD_RUNPATH_SEARCH_PATHS = "$(inherited) @executable_path/Frameworks @loader_path/Frameworks";
				PRODUCT_BUNDLE_IDENTIFIER = "com.leftrightmind.StopWatch.Day1-StopWatch-Tests";
				PRODUCT_NAME = "$(TARGET_NAME)";
				SWIFT_VERSION = 4.0;
				TARGETED_DEVICE_FAMILY = "1,2";
				TEST_HOST = "$(BUILT_PRODUCTS_DIR)/Day1(StopWatch).app/Day1(StopWatch)";
			};
			name = Release;
		};
		47D43E7C2000E80D000E8E5F /* Debug */ = {
			isa = XCBuildConfiguration;
			buildSettings = {
				ALWAYS_EMBED_SWIFT_STANDARD_LIBRARIES = YES;
				CODE_SIGN_STYLE = Automatic;
				DEVELOPMENT_TEAM = WA2B6HK38M;
				INFOPLIST_FILE = "Day1(StopWatch)UITests/Info.plist";
				LD_RUNPATH_SEARCH_PATHS = "$(inherited) @executable_path/Frameworks @loader_path/Frameworks";
				PRODUCT_BUNDLE_IDENTIFIER = "com.leftrightmind.StopWatch.Day1-StopWatch-UITests";
				PRODUCT_NAME = "$(TARGET_NAME)";
				SWIFT_VERSION = 4.0;
				TARGETED_DEVICE_FAMILY = "1,2";
				TEST_TARGET_NAME = "Day1(StopWatch)";
			};
			name = Debug;
		};
		47D43E7D2000E80D000E8E5F /* Release */ = {
			isa = XCBuildConfiguration;
			buildSettings = {
				ALWAYS_EMBED_SWIFT_STANDARD_LIBRARIES = YES;
				CODE_SIGN_STYLE = Automatic;
				DEVELOPMENT_TEAM = WA2B6HK38M;
				INFOPLIST_FILE = "Day1(StopWatch)UITests/Info.plist";
				LD_RUNPATH_SEARCH_PATHS = "$(inherited) @executable_path/Frameworks @loader_path/Frameworks";
				PRODUCT_BUNDLE_IDENTIFIER = "com.leftrightmind.StopWatch.Day1-StopWatch-UITests";
				PRODUCT_NAME = "$(TARGET_NAME)";
				SWIFT_VERSION = 4.0;
				TARGETED_DEVICE_FAMILY = "1,2";
				TEST_TARGET_NAME = "Day1(StopWatch)";
			};
			name = Release;
		};
/* End XCBuildConfiguration section */

/* Begin XCConfigurationList section */
		47D43E482000E80C000E8E5F /* Build configuration list for PBXProject "Day1(StopWatch)" */ = {
			isa = XCConfigurationList;
			buildConfigurations = (
				47D43E732000E80D000E8E5F /* Debug */,
				47D43E742000E80D000E8E5F /* Release */,
			);
			defaultConfigurationIsVisible = 0;
			defaultConfigurationName = Release;
		};
		47D43E752000E80D000E8E5F /* Build configuration list for PBXNativeTarget "Day1(StopWatch)" */ = {
			isa = XCConfigurationList;
			buildConfigurations = (
				47D43E762000E80D000E8E5F /* Debug */,
				47D43E772000E80D000E8E5F /* Release */,
			);
			defaultConfigurationIsVisible = 0;
			defaultConfigurationName = Release;
		};
		47D43E782000E80D000E8E5F /* Build configuration list for PBXNativeTarget "Day1(StopWatch)Tests" */ = {
			isa = XCConfigurationList;
			buildConfigurations = (
				47D43E792000E80D000E8E5F /* Debug */,
				47D43E7A2000E80D000E8E5F /* Release */,
			);
			defaultConfigurationIsVisible = 0;
			defaultConfigurationName = Release;
		};
		47D43E7B2000E80D000E8E5F /* Build configuration list for PBXNativeTarget "Day1(StopWatch)UITests" */ = {
			isa = XCConfigurationList;
			buildConfigurations = (
				47D43E7C2000E80D000E8E5F /* Debug */,
				47D43E7D2000E80D000E8E5F /* Release */,
			);
			defaultConfigurationIsVisible = 0;
			defaultConfigurationName = Release;
		};
/* End XCConfigurationList section */
	};
	rootObject = 47D43E452000E80C000E8E5F /* Project object */;
}
